
Microsoft Visual Studio Solution File, Format Version 12.00
# Visual Studio 2013
VisualStudioVersion = 12.0.30110.0
MinimumVisualStudioVersion = 10.0.40219.1
Project("{FAE04EC0-301F-11D3-BF4B-00C04F79EFBC}") = "ConsoleApplication1", "ConsoleApplication1\ConsoleApplication1.csproj", "{300DD689-FD65-4E56-8A3B-B60E3C4EDA0B}"
EndProject
Project("{FAE04EC0-301F-11D3-BF4B-00C04F79EFBC}") = "FizzBuzz.Tests", "FizzBuzz.Tests\FizzBuzz.Tests.csproj", "{49A923E2-E023-4F86-A2CC-1B3E94859ED2}"
EndProject
Project("{FAE04EC0-301F-11D3-BF4B-00C04F79EFBC}") = "FizzBuzz.Lib", "FizzBuzz.Lib\FizzBuzz.Lib.csproj", "{B1B4902A-E2A2-47F1-834A-F8CD9C5E6971}"
EndProject
Global
	GlobalSection(SolutionConfigurationPlatforms) = preSolution
		Debug|Any CPU = Debug|Any CPU
		Release|Any CPU = Release|Any CPU
	EndGlobalSection
	GlobalSection(ProjectConfigurationPlatforms) = postSolution
		{300DD689-FD65-4E56-8A3B-B60E3C4EDA0B}.Debug|Any CPU.ActiveCfg = Debug|Any CPU
		{300DD689-FD65-4E56-8A3B-B60E3C4EDA0B}.Debug|Any CPU.Build.0 = Debug|Any CPU
		{300DD689-FD65-4E56-8A3B-B60E3C4EDA0B}.Release|Any CPU.ActiveCfg = Release|Any CPU
		{300DD689-FD65-4E56-8A3B-B60E3C4EDA0B}.Release|Any CPU.Build.0 = Release|Any CPU
		{49A923E2-E023-4F86-A2CC-1B3E94859ED2}.Debug|Any CPU.ActiveCfg = Debug|Any CPU
		{49A923E2-E023-4F86-A2CC-1B3E94859ED2}.Debug|Any CPU.Build.0 = Debug|Any CPU
		{49A923E2-E023-4F86-A2CC-1B3E94859ED2}.Release|Any CPU.ActiveCfg = Release|Any CPU
		{49A923E2-E023-4F86-A2CC-1B3E94859ED2}.Release|Any CPU.Build.0 = Release|Any CPU
		{B1B4902A-E2A2-47F1-834A-F8CD9C5E6971}.Debug|Any CPU.ActiveCfg = Debug|Any CPU
		{B1B4902A-E2A2-47F1-834A-F8CD9C5E6971}.Debug|Any CPU.Build.0 = Debug|Any CPU
		{B1B4902A-E2A2-47F1-834A-F8CD9C5E6971}.Release|Any CPU.ActiveCfg = Release|Any CPU
		{B1B4902A-E2A2-47F1-834A-F8CD9C5E6971}.Release|Any CPU.Build.0 = Release|Any CPU
	EndGlobalSection
	GlobalSection(SolutionProperties) = preSolution
		HideSolutionNode = FALSE
	EndGlobalSection
EndGlobal
